
Microsoft Visual Studio Solution File, Format Version 12.00
# Visual Studio 2013
VisualStudioVersion = 12.0.40629.0
MinimumVisualStudioVersion = 10.0.40219.1
Project("{8BC9CEB8-8B4A-11D0-8D11-00A0C91BC942}") = "2.15", "2.15\2.15.vcxproj", "{74D31EB9-5385-486C-BA08-D926C4B27A80}"
EndProject
Project("{8BC9CEB8-8B4A-11D0-8D11-00A0C91BC942}") = "2.22", "2.22\2.22.vcxproj", "{E09C22D1-B238-423D-8021-07EAD8271675}"
EndProject
Project("{8BC9CEB8-8B4A-11D0-8D11-00A0C91BC942}") = "2.25", "2.25\2.25.vcxproj", "{43407742-4ED1-4583-AC7D-31656DEE5B46}"
EndProject
Project("{8BC9CEB8-8B4A-11D0-8D11-00A0C91BC942}") = "2.29", "2.29\2.29.vcxproj", "{AC67A218-C3FA-4BF9-AE75-06DF67F527CB}"
EndProject
Project("{8BC9CEB8-8B4A-11D0-8D11-00A0C91BC942}") = "2.32", "2.32\2.32.vcxproj", "{833A98BC-E383-4EF2-ABCA-A1887BF6D502}"
EndProject
Project("{8BC9CEB8-8B4A-11D0-8D11-00A0C91BC942}") = "2.33", "2.33\2.33.vcxproj", "{DADE2A60-8153-421B-BF81-C2EAD0EFA2D8}"
EndProject
Project("{8BC9CEB8-8B4A-11D0-8D11-00A0C91BC942}") = "2.31", "2.31\2.31.vcxproj", "{00A7B2A2-0B54-4A9F-8E8B-A1482EFA7BFD}"
EndProject
Project("{8BC9CEB8-8B4A-11D0-8D11-00A0C91BC942}") = "2.39", "2.39\2.39.vcxproj", "{DB196DD2-D933-4904-8C1E-07C4500820A7}"
EndProject
Project("{8BC9CEB8-8B4A-11D0-8D11-00A0C91BC942}") = "2.40", "2.40\2.40.vcxproj", "{9469D215-9C5E-45BF-A20A-9D83A0BF4B8C}"
EndProject
Global
	GlobalSection(SolutionConfigurationPlatforms) = preSolution
		Debug|Win32 = Debug|Win32
		Release|Win32 = Release|Win32
	EndGlobalSection
	GlobalSection(ProjectConfigurationPlatforms) = postSolution
		{74D31EB9-5385-486C-BA08-D926C4B27A80}.Debug|Win32.ActiveCfg = Debug|Win32
		{74D31EB9-5385-486C-BA08-D926C4B27A80}.Debug|Win32.Build.0 = Debug|Win32
		{74D31EB9-5385-486C-BA08-D926C4B27A80}.Release|Win32.ActiveCfg = Release|Win32
		{74D31EB9-5385-486C-BA08-D926C4B27A80}.Release|Win32.Build.0 = Release|Win32
		{E09C22D1-B238-423D-8021-07EAD8271675}.Debug|Win32.ActiveCfg = Debug|Win32
		{E09C22D1-B238-423D-8021-07EAD8271675}.Debug|Win32.Build.0 = Debug|Win32
		{E09C22D1-B238-423D-8021-07EAD8271675}.Release|Win32.ActiveCfg = Release|Win32
		{E09C22D1-B238-423D-8021-07EAD8271675}.Release|Win32.Build.0 = Release|Win32
		{43407742-4ED1-4583-AC7D-31656DEE5B46}.Debug|Win32.ActiveCfg = Debug|Win32
		{43407742-4ED1-4583-AC7D-31656DEE5B46}.Debug|Win32.Build.0 = Debug|Win32
		{43407742-4ED1-4583-AC7D-31656DEE5B46}.Release|Win32.ActiveCfg = Release|Win32
		{43407742-4ED1-4583-AC7D-31656DEE5B46}.Release|Win32.Build.0 = Release|Win32
		{AC67A218-C3FA-4BF9-AE75-06DF67F527CB}.Debug|Win32.ActiveCfg = Debug|Win32
		{AC67A218-C3FA-4BF9-AE75-06DF67F527CB}.Debug|Win32.Build.0 = Debug|Win32
		{AC67A218-C3FA-4BF9-AE75-06DF67F527CB}.Debug|Win32.Deploy.0 = Debug|Win32
		{AC67A218-C3FA-4BF9-AE75-06DF67F527CB}.Release|Win32.ActiveCfg = Release|Win32
		{AC67A218-C3FA-4BF9-AE75-06DF67F527CB}.Release|Win32.Build.0 = Release|Win32
		{833A98BC-E383-4EF2-ABCA-A1887BF6D502}.Debug|Win32.ActiveCfg = Debug|Win32
		{833A98BC-E383-4EF2-ABCA-A1887BF6D502}.Debug|Win32.Build.0 = Debug|Win32
		{833A98BC-E383-4EF2-ABCA-A1887BF6D502}.Release|Win32.ActiveCfg = Release|Win32
		{833A98BC-E383-4EF2-ABCA-A1887BF6D502}.Release|Win32.Build.0 = Release|Win32
		{DADE2A60-8153-421B-BF81-C2EAD0EFA2D8}.Debug|Win32.ActiveCfg = Debug|Win32
		{DADE2A60-8153-421B-BF81-C2EAD0EFA2D8}.Debug|Win32.Build.0 = Debug|Win32
		{DADE2A60-8153-421B-BF81-C2EAD0EFA2D8}.Release|Win32.ActiveCfg = Release|Win32
		{DADE2A60-8153-421B-BF81-C2EAD0EFA2D8}.Release|Win32.Build.0 = Release|Win32
		{00A7B2A2-0B54-4A9F-8E8B-A1482EFA7BFD}.Debug|Win32.ActiveCfg = Debug|Win32
		{00A7B2A2-0B54-4A9F-8E8B-A1482EFA7BFD}.Debug|Win32.Build.0 = Debug|Win32
		{00A7B2A2-0B54-4A9F-8E8B-A1482EFA7BFD}.Release|Win32.ActiveCfg = Release|Win32
		{00A7B2A2-0B54-4A9F-8E8B-A1482EFA7BFD}.Release|Win32.Build.0 = Release|Win32
		{DB196DD2-D933-4904-8C1E-07C4500820A7}.Debug|Win32.ActiveCfg = Debug|Win32
		{DB196DD2-D933-4904-8C1E-07C4500820A7}.Debug|Win32.Build.0 = Debug|Win32
		{DB196DD2-D933-4904-8C1E-07C4500820A7}.Release|Win32.ActiveCfg = Release|Win32
		{DB196DD2-D933-4904-8C1E-07C4500820A7}.Release|Win32.Build.0 = Release|Win32
		{9469D215-9C5E-45BF-A20A-9D83A0BF4B8C}.Debug|Win32.ActiveCfg = Debug|Win32
		{9469D215-9C5E-45BF-A20A-9D83A0BF4B8C}.Debug|Win32.Build.0 = Debug|Win32
		{9469D215-9C5E-45BF-A20A-9D83A0BF4B8C}.Release|Win32.ActiveCfg = Release|Win32
		{9469D215-9C5E-45BF-A20A-9D83A0BF4B8C}.Release|Win32.Build.0 = Release|Win32
	EndGlobalSection
	GlobalSection(SolutionProperties) = preSolution
		HideSolutionNode = FALSE
	EndGlobalSection
EndGlobal
